
Microsoft Visual Studio Solution File, Format Version 12.00
# Visual Studio Version 16
VisualStudioVersion = 16.0.29709.97
MinimumVisualStudioVersion = 10.0.40219.1
Project("{FAE04EC0-301F-11D3-BF4B-00C04F79EFBC}") = "DatabaseApp", "DatabaseApp\DatabaseApp.csproj", "{B9F6A238-4634-445F-AD0E-6166A31ABC94}"
EndProject
Global
	GlobalSection(SolutionConfigurationPlatforms) = preSolution
		Debug|Any CPU = Debug|Any CPU
		Release|Any CPU = Release|Any CPU
	EndGlobalSection
	GlobalSection(ProjectConfigurationPlatforms) = postSolution
		{B9F6A238-4634-445F-AD0E-6166A31ABC94}.Debug|Any CPU.ActiveCfg = Debug|Any CPU
		{B9F6A238-4634-445F-AD0E-6166A31ABC94}.Debug|Any CPU.Build.0 = Debug|Any CPU
		{B9F6A238-4634-445F-AD0E-6166A31ABC94}.Release|Any CPU.ActiveCfg = Release|Any CPU
		{B9F6A238-4634-445F-AD0E-6166A31ABC94}.Release|Any CPU.Build.0 = Release|Any CPU
	EndGlobalSection
	GlobalSection(SolutionProperties) = preSolution
		HideSolutionNode = FALSE
	EndGlobalSection
	GlobalSection(ExtensibilityGlobals) = postSolution
		SolutionGuid = {D0D29D8C-D1AD-42C4-AF6F-5D2A2D436BF7}
	EndGlobalSection
EndGlobal
